<?xml version="1.0" encoding="utf-8"?>
<Project ToolsVersion="4.0" xmlns="http://schemas.microsoft.com/developer/msbuild/2003">
  <ItemGroup>
    <Filter Include="Resource Files">
      <UniqueIdentifier>{D9D6E242-F8AF-46E4-B9FD-80ECBC20BA3E}</UniqueIdentifier>
      <Extensions>qrc;*</Extensions>
      <ParseFiles>false</ParseFiles>
    </Filter>
    <Filter Include="Resource Files">
      <UniqueIdentifier>{D9D6E242-F8AF-46E4-B9FD-80ECBC20BA3E}</UniqueIdentifier>
      <Extensions>qrc;*</Extensions>
      <ParseFiles>false</ParseFiles>
    </Filter>
    <Filter Include="UI">
      <UniqueIdentifier>{8d961b2c-9a7d-4aec-8cbd-e718bf17554e}</UniqueIdentifier>
    </Filter>
    <Filter Include="Logic">
      <UniqueIdentifier>{e0cc0545-9d34-48f3-8949-f271830d7256}</UniqueIdentifier>
    </Filter>
  </ItemGroup>
  <ItemGroup>
    <ClCompile Include="main.cpp" />
    <ClCompile Include="UI\QHomePage.cpp">
      <Filter>UI</Filter>
    </ClCompile>
    <ClCompile Include="UI\QSerialPortDlg.cpp">
      <Filter>UI</Filter>
    </ClCompile>
    <ClCompile Include="Logic\QWeightMeasure_Youjian.cpp">
      <Filter>Logic</Filter>
    </ClCompile>
    <ClCompile Include="Logic\QWeightMeasureDelegate.cpp">
      <Filter>Logic</Filter>
    </ClCompile>
    <ClCompile Include="UI\QWeightWgt.cpp">
      <Filter>UI</Filter>
    </ClCompile>
  </ItemGroup>
  <ItemGroup>
    <QtMoc Include="UI\QHomePage.h">
      <Filter>UI</Filter>
    </QtMoc>
    <QtMoc Include="UI\QSerialPortDlg.h">
      <Filter>UI</Filter>
    </QtMoc>
    <QtMoc Include="Logic\QWeightMeasure_Youjian.h">
      <Filter>Logic</Filter>
    </QtMoc>
    <QtMoc Include="Logic\QWeightMeasureDelegate.h">
      <Filter>Logic</Filter>
    </QtMoc>
    <QtMoc Include="UI\QWeightWgt.h">
      <Filter>UI</Filter>
    </QtMoc>
  </ItemGroup>
  <ItemGroup>
    <QtRcc Include="UI\QHomePage.qrc">
      <Filter>UI</Filter>
    </QtRcc>
  </ItemGroup>
  <ItemGroup>
    <QtUic Include="UI\QHomePage.ui">
      <Filter>UI</Filter>
    </QtUic>
    <QtUic Include="UI\QSerialPortDlg.ui">
      <Filter>UI</Filter>
    </QtUic>
    <QtUic Include="UI\QWeightWgt.ui">
      <Filter>UI</Filter>
    </QtUic>
  </ItemGroup>
</Project>